
Microsoft Visual Studio Solution File, Format Version 12.00
# Visual Studio Version 17
VisualStudioVersion = 17.7.34024.191
MinimumVisualStudioVersion = 10.0.40219.1
Project("{FAE04EC0-301F-11D3-BF4B-00C04F79EFBC}") = "WinFormsApp1", "WinFormsApp1\WinFormsApp1.csproj", "{F5525EE6-D1F9-4BA9-8CAC-F937CEA6608A}"
EndProject
Global
	GlobalSection(SolutionConfigurationPlatforms) = preSolution
		Debug|Any CPU = Debug|Any CPU
		Release|Any CPU = Release|Any CPU
	EndGlobalSection
	GlobalSection(ProjectConfigurationPlatforms) = postSolution
		{F5525EE6-D1F9-4BA9-8CAC-F937CEA6608A}.Debug|Any CPU.ActiveCfg = Debug|Any CPU
		{F5525EE6-D1F9-4BA9-8CAC-F937CEA6608A}.Debug|Any CPU.Build.0 = Debug|Any CPU
		{F5525EE6-D1F9-4BA9-8CAC-F937CEA6608A}.Release|Any CPU.ActiveCfg = Release|Any CPU
		{F5525EE6-D1F9-4BA9-8CAC-F937CEA6608A}.Release|Any CPU.Build.0 = Release|Any CPU
	EndGlobalSection
	GlobalSection(SolutionProperties) = preSolution
		HideSolutionNode = FALSE
	EndGlobalSection
	GlobalSection(ExtensibilityGlobals) = postSolution
		SolutionGuid = {E425F64F-5124-418E-92FC-DEB8A9F0AFB6}
	EndGlobalSection
EndGlobal
